
Microsoft Visual Studio Solution File, Format Version 12.00
# Visual Studio 15
Project("{FAE04EC0-301F-11D3-BF4B-00C04F79EFBC}") = "Assembly-CSharp", "Assembly-CSharp.csproj", "{6B23B595-0C4B-8691-E788-377627F865D7}"
EndProject
Project("{FAE04EC0-301F-11D3-BF4B-00C04F79EFBC}") = "Assembly-CSharp-firstpass", "Assembly-CSharp-firstpass.csproj", "{F54A292E-A83E-467D-CBBA-ABD740DD3CCD}"
EndProject
Project("{FAE04EC0-301F-11D3-BF4B-00C04F79EFBC}") = "Assembly-CSharp-Editor", "Assembly-CSharp-Editor.csproj", "{671CDAB3-6513-A7AE-4695-AEBB85407A52}"
EndProject
Global
	GlobalSection(SolutionConfigurationPlatforms) = preSolution
		Debug|Any CPU = Debug|Any CPU
		Release|Any CPU = Release|Any CPU
	EndGlobalSection
	GlobalSection(ProjectConfigurationPlatforms) = postSolution
		{6B23B595-0C4B-8691-E788-377627F865D7}.Debug|Any CPU.ActiveCfg = Debug|Any CPU
		{6B23B595-0C4B-8691-E788-377627F865D7}.Debug|Any CPU.Build.0 = Debug|Any CPU
		{6B23B595-0C4B-8691-E788-377627F865D7}.Release|Any CPU.ActiveCfg = Release|Any CPU
		{6B23B595-0C4B-8691-E788-377627F865D7}.Release|Any CPU.Build.0 = Release|Any CPU
		{F54A292E-A83E-467D-CBBA-ABD740DD3CCD}.Debug|Any CPU.ActiveCfg = Debug|Any CPU
		{F54A292E-A83E-467D-CBBA-ABD740DD3CCD}.Debug|Any CPU.Build.0 = Debug|Any CPU
		{F54A292E-A83E-467D-CBBA-ABD740DD3CCD}.Release|Any CPU.ActiveCfg = Release|Any CPU
		{F54A292E-A83E-467D-CBBA-ABD740DD3CCD}.Release|Any CPU.Build.0 = Release|Any CPU
		{671CDAB3-6513-A7AE-4695-AEBB85407A52}.Debug|Any CPU.ActiveCfg = Debug|Any CPU
		{671CDAB3-6513-A7AE-4695-AEBB85407A52}.Debug|Any CPU.Build.0 = Debug|Any CPU
		{671CDAB3-6513-A7AE-4695-AEBB85407A52}.Release|Any CPU.ActiveCfg = Release|Any CPU
		{671CDAB3-6513-A7AE-4695-AEBB85407A52}.Release|Any CPU.Build.0 = Release|Any CPU
	EndGlobalSection
	GlobalSection(SolutionProperties) = preSolution
		HideSolutionNode = FALSE
	EndGlobalSection
EndGlobal
